{
  "name": "wxapp",
  "version": "1.0.0",
  "lockfileVersion": 1,
  "requires": true,
  "dependencies": {
    "miniprogram-computed": {
      "version": "0.0.7",
      "resolved": "https://registry.npmjs.org/miniprogram-computed/-/miniprogram-computed-0.0.7.tgz",
      "integrity": "sha512-K3yvBGHPI7IYjaqd92i3+b9gV8j1OpfewBgATcue4LbdcC7n8hIyzITy9fvhj6lHm8oxtTpxRratAq+U6neWaw=="
    }
  }
}
